// !$*UTF8*$!
{
	archiveVersion = 1;
	classes = {
	};
	objectVersion = 46;
	objects = {

/* Begin PBXBuildFile section */
		B23538F71F5B6FCD00103938 /* UserController.swift in Sources */ = {isa = PBXBuildFile; fileRef = B23538F61F5B6FCD00103938 /* UserController.swift */; };
		B2ECCE681F435A710059DFBF /* AppDelegate.swift in Sources */ = {isa = PBXBuildFile; fileRef = B2ECCE671F435A710059DFBF /* AppDelegate.swift */; };
		B2ECCE6D1F435A710059DFBF /* Main.storyboard in Resources */ = {isa = PBXBuildFile; fileRef = B2ECCE6B1F435A710059DFBF /* Main.storyboard */; };
		B2ECCE6F1F435A710059DFBF /* Assets.xcassets in Resources */ = {isa = PBXBuildFile; fileRef = B2ECCE6E1F435A710059DFBF /* Assets.xcassets */; };
		B2ECCE721F435A710059DFBF /* LaunchScreen.storyboard in Resources */ = {isa = PBXBuildFile; fileRef = B2ECCE701F435A710059DFBF /* LaunchScreen.storyboard */; };
		B2ECCE801F435F7A0059DFBF /* User.swift in Sources */ = {isa = PBXBuildFile; fileRef = B2ECCE7F1F435F7A0059DFBF /* User.swift */; };
		B2ECCE841F435FB40059DFBF /* CloudKit.framework in Frameworks */ = {isa = PBXBuildFile; fileRef = B2ECCE831F435FB40059DFBF /* CloudKit.framework */; };
		B2ECCE861F4364F80059DFBF /* Review.swift in Sources */ = {isa = PBXBuildFile; fileRef = B2ECCE851F4364F80059DFBF /* Review.swift */; };
/* End PBXBuildFile section */

/* Begin PBXFileReference section */
		B23538F61F5B6FCD00103938 /* UserController.swift */ = {isa = PBXFileReference; fileEncoding = 4; lastKnownFileType = sourcecode.swift; path = UserController.swift; sourceTree = "<group>"; };
		B2ECCE641F435A710059DFBF /* SurfSchool.app */ = {isa = PBXFileReference; explicitFileType = wrapper.application; includeInIndex = 0; path = SurfSchool.app; sourceTree = BUILT_PRODUCTS_DIR; };
		B2ECCE671F435A710059DFBF /* AppDelegate.swift */ = {isa = PBXFileReference; lastKnownFileType = sourcecode.swift; path = AppDelegate.swift; sourceTree = "<group>"; };
		B2ECCE6C1F435A710059DFBF /* Base */ = {isa = PBXFileReference; lastKnownFileType = file.storyboard; name = Base; path = Base.lproj/Main.storyboard; sourceTree = "<group>"; };
		B2ECCE6E1F435A710059DFBF /* Assets.xcassets */ = {isa = PBXFileReference; lastKnownFileType = folder.assetcatalog; path = Assets.xcassets; sourceTree = "<group>"; };
		B2ECCE711F435A710059DFBF /* Base */ = {isa = PBXFileReference; lastKnownFileType = file.storyboard; name = Base; path = Base.lproj/LaunchScreen.storyboard; sourceTree = "<group>"; };
		B2ECCE731F435A710059DFBF /* Info.plist */ = {isa = PBXFileReference; lastKnownFileType = text.plist.xml; path = Info.plist; sourceTree = "<group>"; };
		B2ECCE7F1F435F7A0059DFBF /* User.swift */ = {isa = PBXFileReference; fileEncoding = 4; lastKnownFileType = sourcecode.swift; path = User.swift; sourceTree = "<group>"; };
		B2ECCE811F435FB20059DFBF /* SurfSchool.entitlements */ = {isa = PBXFileReference; lastKnownFileType = text.plist.entitlements; path = SurfSchool.entitlements; sourceTree = "<group>"; };
		B2ECCE831F435FB40059DFBF /* CloudKit.framework */ = {isa = PBXFileReference; lastKnownFileType = wrapper.framework; name = CloudKit.framework; path = System/Library/Frameworks/CloudKit.framework; sourceTree = SDKROOT; };
		B2ECCE851F4364F80059DFBF /* Review.swift */ = {isa = PBXFileReference; fileEncoding = 4; lastKnownFileType = sourcecode.swift; path = Review.swift; sourceTree = "<group>"; };
/* End PBXFileReference section */

/* Begin PBXFrameworksBuildPhase section */
		B2ECCE611F435A710059DFBF /* Frameworks */ = {
			isa = PBXFrameworksBuildPhase;
			buildActionMask = 2147483647;
			files = (
				B2ECCE841F435FB40059DFBF /* CloudKit.framework in Frameworks */,
			);
			runOnlyForDeploymentPostprocessing = 0;
		};
/* End PBXFrameworksBuildPhase section */

/* Begin PBXGroup section */
		B2ECCE5B1F435A710059DFBF = {
			isa = PBXGroup;
			children = (
				B2ECCE661F435A710059DFBF /* SurfSchool */,
				B2ECCE651F435A710059DFBF /* Products */,
				B2ECCE821F435FB40059DFBF /* Frameworks */,
			);
			sourceTree = "<group>";
		};
		B2ECCE651F435A710059DFBF /* Products */ = {
			isa = PBXGroup;
			children = (
				B2ECCE641F435A710059DFBF /* SurfSchool.app */,
			);
			name = Products;
			sourceTree = "<group>";
		};
		B2ECCE661F435A710059DFBF /* SurfSchool */ = {
			isa = PBXGroup;
			children = (
				B2ECCE811F435FB20059DFBF /* SurfSchool.entitlements */,
				B2ECCE671F435A710059DFBF /* AppDelegate.swift */,
				B2ECCE6B1F435A710059DFBF /* Main.storyboard */,
				B2ECCE7D1F435F030059DFBF /* Views */,
				B2ECCE7C1F435F030059DFBF /* ViewControllers */,
				B2ECCE7B1F435F020059DFBF /* ModelControllers */,
				B2ECCE7A1F435F000059DFBF /* Models */,
				B2ECCE791F435EFF0059DFBF /* Resources */,
			);
			path = SurfSchool;
			sourceTree = "<group>";
		};
		B2ECCE791F435EFF0059DFBF /* Resources */ = {
			isa = PBXGroup;
			children = (
				B2ECCE7E1F435F050059DFBF /* Supporting */,
				B2ECCE6E1F435A710059DFBF /* Assets.xcassets */,
				B2ECCE701F435A710059DFBF /* LaunchScreen.storyboard */,
				B2ECCE731F435A710059DFBF /* Info.plist */,
			);
			name = Resources;
			sourceTree = "<group>";
		};
		B2ECCE7A1F435F000059DFBF /* Models */ = {
			isa = PBXGroup;
			children = (
				B2ECCE7F1F435F7A0059DFBF /* User.swift */,
				B2ECCE851F4364F80059DFBF /* Review.swift */,
			);
			name = Models;
			sourceTree = "<group>";
		};
		B2ECCE7B1F435F020059DFBF /* ModelControllers */ = {
			isa = PBXGroup;
			children = (
				B23538F61F5B6FCD00103938 /* UserController.swift */,
			);
			name = ModelControllers;
			sourceTree = "<group>";
		};
		B2ECCE7C1F435F030059DFBF /* ViewControllers */ = {
			isa = PBXGroup;
			children = (
			);
			name = ViewControllers;
			sourceTree = "<group>";
		};
		B2ECCE7D1F435F030059DFBF /* Views */ = {
			isa = PBXGroup;
			children = (
			);
			name = Views;
			sourceTree = "<group>";
		};
		B2ECCE7E1F435F050059DFBF /* Supporting */ = {
			isa = PBXGroup;
			children = (
			);
			name = Supporting;
			sourceTree = "<group>";
		};
		B2ECCE821F435FB40059DFBF /* Frameworks */ = {
			isa = PBXGroup;
			children = (
				B2ECCE831F435FB40059DFBF /* CloudKit.framework */,
			);
			name = Frameworks;
			sourceTree = "<group>";
		};
/* End PBXGroup section */

/* Begin PBXNativeTarget section */
		B2ECCE631F435A710059DFBF /* SurfSchool */ = {
			isa = PBXNativeTarget;
			buildConfigurationList = B2ECCE761F435A710059DFBF /* Build configuration list for PBXNativeTarget "SurfSchool" */;
			buildPhases = (
				B2ECCE601F435A710059DFBF /* Sources */,
				B2ECCE611F435A710059DFBF /* Frameworks */,
				B2ECCE621F435A710059DFBF /* Resources */,
			);
			buildRules = (
			);
			dependencies = (
			);
			name = SurfSchool;
			productName = SurfSchool;
			productReference = B2ECCE641F435A710059DFBF /* SurfSchool.app */;
			productType = "com.apple.product-type.application";
		};
/* End PBXNativeTarget section */

/* Begin PBXProject section */
		B2ECCE5C1F435A710059DFBF /* Project object */ = {
			isa = PBXProject;
			attributes = {
				LastSwiftUpdateCheck = 0830;
				LastUpgradeCheck = 0830;
				ORGANIZATIONNAME = Wylan;
				TargetAttributes = {
					B2ECCE631F435A710059DFBF = {
						CreatedOnToolsVersion = 8.3.2;
						DevelopmentTeam = L4J4QU6QE4;
						ProvisioningStyle = Automatic;
						SystemCapabilities = {
							com.apple.Push = {
								enabled = 1;
							};
							com.apple.iCloud = {
								enabled = 1;
							};
						};
					};
				};
			};
			buildConfigurationList = B2ECCE5F1F435A710059DFBF /* Build configuration list for PBXProject "SurfSchool" */;
			compatibilityVersion = "Xcode 3.2";
			developmentRegion = English;
			hasScannedForEncodings = 0;
			knownRegions = (
				en,
				Base,
			);
			mainGroup = B2ECCE5B1F435A710059DFBF;
			productRefGroup = B2ECCE651F435A710059DFBF /* Products */;
			projectDirPath = "";
			projectRoot = "";
			targets = (
				B2ECCE631F435A710059DFBF /* SurfSchool */,
			);
		};
/* End PBXProject section */

/* Begin PBXResourcesBuildPhase section */
		B2ECCE621F435A710059DFBF /* Resources */ = {
			isa = PBXResourcesBuildPhase;
			buildActionMask = 2147483647;
			files = (
				B2ECCE721F435A710059DFBF /* LaunchScreen.storyboard in Resources */,
				B2ECCE6F1F435A710059DFBF /* Assets.xcassets in Resources */,
				B2ECCE6D1F435A710059DFBF /* Main.storyboard in Resources */,
			);
			runOnlyForDeploymentPostprocessing = 0;
		};
/* End PBXResourcesBuildPhase section */

/* Begin PBXSourcesBuildPhase section */
		B2ECCE601F435A710059DFBF /* Sources */ = {
			isa = PBXSourcesBuildPhase;
			buildActionMask = 2147483647;
			files = (
				B2ECCE681F435A710059DFBF /* AppDelegate.swift in Sources */,
				B2ECCE801F435F7A0059DFBF /* User.swift in Sources */,
				B23538F71F5B6FCD00103938 /* UserController.swift in Sources */,
				B2ECCE861F4364F80059DFBF /* Review.swift in Sources */,
			);
			runOnlyForDeploymentPostprocessing = 0;
		};
/* End PBXSourcesBuildPhase section */

/* Begin PBXVariantGroup section */
		B2ECCE6B1F435A710059DFBF /* Main.storyboard */ = {
			isa = PBXVariantGroup;
			children = (
				B2ECCE6C1F435A710059DFBF /* Base */,
			);
			name = Main.storyboard;
			sourceTree = "<group>";
		};
		B2ECCE701F435A710059DFBF /* LaunchScreen.storyboard */ = {
			isa = PBXVariantGroup;
			children = (
				B2ECCE711F435A710059DFBF /* Base */,
			);
			name = LaunchScreen.storyboard;
			sourceTree = "<group>";
		};
/* End PBXVariantGroup section */

/* Begin XCBuildConfiguration section */
		B2ECCE741F435A710059DFBF /* Debug */ = {
			isa = XCBuildConfiguration;
			buildSettings = {
				ALWAYS_SEARCH_USER_PATHS = NO;
				CLANG_ANALYZER_NONNULL = YES;
				CLANG_ANALYZER_NUMBER_OBJECT_CONVERSION = YES_AGGRESSIVE;
				CLANG_CXX_LANGUAGE_STANDARD = "gnu++0x";
				CLANG_CXX_LIBRARY = "libc++";
				CLANG_ENABLE_MODULES = YES;
				CLANG_ENABLE_OBJC_ARC = YES;
				CLANG_WARN_BOOL_CONVERSION = YES;
				CLANG_WARN_CONSTANT_CONVERSION = YES;
				CLANG_WARN_DIRECT_OBJC_ISA_USAGE = YES_ERROR;
				CLANG_WARN_DOCUMENTATION_COMMENTS = YES;
				CLANG_WARN_EMPTY_BODY = YES;
				CLANG_WARN_ENUM_CONVERSION = YES;
				CLANG_WARN_INFINITE_RECURSION = YES;
				CLANG_WARN_INT_CONVERSION = YES;
				CLANG_WARN_OBJC_ROOT_CLASS = YES_ERROR;
				CLANG_WARN_SUSPICIOUS_MOVE = YES;
				CLANG_WARN_UNREACHABLE_CODE = YES;
				CLANG_WARN__DUPLICATE_METHOD_MATCH = YES;
				"CODE_SIGN_IDENTITY[sdk=iphoneos*]" = "iPhone Developer";
				COPY_PHASE_STRIP = NO;
				DEBUG_INFORMATION_FORMAT = dwarf;
				ENABLE_STRICT_OBJC_MSGSEND = YES;
				ENABLE_TESTABILITY = YES;
				GCC_C_LANGUAGE_STANDARD = gnu99;
				GCC_DYNAMIC_NO_PIC = NO;
				GCC_NO_COMMON_BLOCKS = YES;
				GCC_OPTIMIZATION_LEVEL = 0;
				GCC_PREPROCESSOR_DEFINITIONS = (
					"DEBUG=1",
					"$(inherited)",
				);
				GCC_WARN_64_TO_32_BIT_CONVERSION = YES;
				GCC_WARN_ABOUT_RETURN_TYPE = YES_ERROR;
				GCC_WARN_UNDECLARED_SELECTOR = YES;
				GCC_WARN_UNINITIALIZED_AUTOS = YES_AGGRESSIVE;
				GCC_WARN_UNUSED_FUNCTION = YES;
				GCC_WARN_UNUSED_VARIABLE = YES;
				IPHONEOS_DEPLOYMENT_TARGET = 10.3;
				MTL_ENABLE_DEBUG_INFO = YES;
				ONLY_ACTIVE_ARCH = YES;
				SDKROOT = iphoneos;
				SWIFT_ACTIVE_COMPILATION_CONDITIONS = DEBUG;
				SWIFT_OPTIMIZATION_LEVEL = "-Onone";
			};
			name = Debug;
		};
		B2ECCE751F435A710059DFBF /* Release */ = {
			isa = XCBuildConfiguration;
			buildSettings = {
				ALWAYS_SEARCH_USER_PATHS = NO;
				CLANG_ANALYZER_NONNULL = YES;
				CLANG_ANALYZER_NUMBER_OBJECT_CONVERSION = YES_AGGRESSIVE;
				CLANG_CXX_LANGUAGE_STANDARD = "gnu++0x";
				CLANG_CXX_LIBRARY = "libc++";
				CLANG_ENABLE_MODULES = YES;
				CLANG_ENABLE_OBJC_ARC = YES;
				CLANG_WARN_BOOL_CONVERSION = YES;
				CLANG_WARN_CONSTANT_CONVERSION = YES;
				CLANG_WARN_DIRECT_OBJC_ISA_USAGE = YES_ERROR;
				CLANG_WARN_DOCUMENTATION_COMMENTS = YES;
				CLANG_WARN_EMPTY_BODY = YES;
				CLANG_WARN_ENUM_CONVERSION = YES;
				CLANG_WARN_INFINITE_RECURSION = YES;
				CLANG_WARN_INT_CONVERSION = YES;
				CLANG_WARN_OBJC_ROOT_CLASS = YES_ERROR;
				CLANG_WARN_SUSPICIOUS_MOVE = YES;
				CLANG_WARN_UNREACHABLE_CODE = YES;
				CLANG_WARN__DUPLICATE_METHOD_MATCH = YES;
				"CODE_SIGN_IDENTITY[sdk=iphoneos*]" = "iPhone Developer";
				COPY_PHASE_STRIP = NO;
				DEBUG_INFORMATION_FORMAT = "dwarf-with-dsym";
				ENABLE_NS_ASSERTIONS = NO;
				ENABLE_STRICT_OBJC_MSGSEND = YES;
				GCC_C_LANGUAGE_STANDARD = gnu99;
				GCC_NO_COMMON_BLOCKS = YES;
				GCC_WARN_64_TO_32_BIT_CONVERSION = YES;
				GCC_WARN_ABOUT_RETURN_TYPE = YES_ERROR;
				GCC_WARN_UNDECLARED_SELECTOR = YES;
				GCC_WARN_UNINITIALIZED_AUTOS = YES_AGGRESSIVE;
				GCC_WARN_UNUSED_FUNCTION = YES;
				GCC_WARN_UNUSED_VARIABLE = YES;
				IPHONEOS_DEPLOYMENT_TARGET = 10.3;
				MTL_ENABLE_DEBUG_INFO = NO;
				SDKROOT = iphoneos;
				SWIFT_OPTIMIZATION_LEVEL = "-Owholemodule";
				VALIDATE_PRODUCT = YES;
			};
			name = Release;
		};
		B2ECCE771F435A710059DFBF /* Debug */ = {
			isa = XCBuildConfiguration;
			buildSettings = {
				ASSETCATALOG_COMPILER_APPICON_NAME = AppIcon;
				CODE_SIGN_ENTITLEMENTS = SurfSchool/SurfSchool.entitlements;
				DEVELOPMENT_TEAM = L4J4QU6QE4;
				INFOPLIST_FILE = SurfSchool/Info.plist;
				LD_RUNPATH_SEARCH_PATHS = "$(inherited) @executable_path/Frameworks";
				PRODUCT_BUNDLE_IDENTIFIER = com.wylan.SurfSchool;
				PRODUCT_NAME = "$(TARGET_NAME)";
				SWIFT_VERSION = 3.0;
			};
			name = Debug;
		};
		B2ECCE781F435A710059DFBF /* Release */ = {
			isa = XCBuildConfiguration;
			buildSettings = {
				ASSETCATALOG_COMPILER_APPICON_NAME = AppIcon;
				CODE_SIGN_ENTITLEMENTS = SurfSchool/SurfSchool.entitlements;
				DEVELOPMENT_TEAM = L4J4QU6QE4;
				INFOPLIST_FILE = SurfSchool/Info.plist;
				LD_RUNPATH_SEARCH_PATHS = "$(inherited) @executable_path/Frameworks";
				PRODUCT_BUNDLE_IDENTIFIER = com.wylan.SurfSchool;
				PRODUCT_NAME = "$(TARGET_NAME)";
				SWIFT_VERSION = 3.0;
			};
			name = Release;
		};
/* End XCBuildConfiguration section */

/* Begin XCConfigurationList section */
		B2ECCE5F1F435A710059DFBF /* Build configuration list for PBXProject "SurfSchool" */ = {
			isa = XCConfigurationList;
			buildConfigurations = (
				B2ECCE741F435A710059DFBF /* Debug */,
				B2ECCE751F435A710059DFBF /* Release */,
			);
			defaultConfigurationIsVisible = 0;
			defaultConfigurationName = Release;
		};
		B2ECCE761F435A710059DFBF /* Build configuration list for PBXNativeTarget "SurfSchool" */ = {
			isa = XCConfigurationList;
			buildConfigurations = (
				B2ECCE771F435A710059DFBF /* Debug */,
				B2ECCE781F435A710059DFBF /* Release */,
			);
			defaultConfigurationIsVisible = 0;
			defaultConfigurationName = Release;
		};
/* End XCConfigurationList section */
	};
	rootObject = B2ECCE5C1F435A710059DFBF /* Project object */;
}
